// !$*UTF8*$!
{
	archiveVersion = 1;
	classes = {
	};
	objectVersion = 46;
	objects = {

/* Begin PBXBuildFile section */
		9846CA771EE7C7D7006983EC /* AppDelegate.swift in Sources */ = {isa = PBXBuildFile; fileRef = 9846CA761EE7C7D7006983EC /* AppDelegate.swift */; };
		9846CA791EE7C7D7006983EC /* ViewController.swift in Sources */ = {isa = PBXBuildFile; fileRef = 9846CA781EE7C7D7006983EC /* ViewController.swift */; };
		9846CA7C1EE7C7D8006983EC /* Main.storyboard in Resources */ = {isa = PBXBuildFile; fileRef = 9846CA7A1EE7C7D8006983EC /* Main.storyboard */; };
		9846CA7E1EE7C7DA006983EC /* Assets.xcassets in Resources */ = {isa = PBXBuildFile; fileRef = 9846CA7D1EE7C7DA006983EC /* Assets.xcassets */; };
		9846CA811EE7C7DB006983EC /* LaunchScreen.storyboard in Resources */ = {isa = PBXBuildFile; fileRef = 9846CA7F1EE7C7DB006983EC /* LaunchScreen.storyboard */; };
		9846CA8A1EE7CA89006983EC /* AVFoundation.framework in Frameworks */ = {isa = PBXBuildFile; fileRef = 9846CA891EE7CA89006983EC /* AVFoundation.framework */; };
		9846CA8E1EE81B0D006983EC /* AudioXViewController.swift in Sources */ = {isa = PBXBuildFile; fileRef = 9846CA8D1EE81B0C006983EC /* AudioXViewController.swift */; };
/* End PBXBuildFile section */

/* Begin PBXFileReference section */
		9846CA731EE7C7D6006983EC /* audiox.app */ = {isa = PBXFileReference; explicitFileType = wrapper.application; includeInIndex = 0; path = audiox.app; sourceTree = BUILT_PRODUCTS_DIR; };
		9846CA761EE7C7D7006983EC /* AppDelegate.swift */ = {isa = PBXFileReference; lastKnownFileType = sourcecode.swift; path = AppDelegate.swift; sourceTree = "<group>"; };
		9846CA781EE7C7D7006983EC /* ViewController.swift */ = {isa = PBXFileReference; lastKnownFileType = sourcecode.swift; path = ViewController.swift; sourceTree = "<group>"; };
		9846CA7B1EE7C7D8006983EC /* Base */ = {isa = PBXFileReference; lastKnownFileType = file.storyboard; name = Base; path = Base.lproj/Main.storyboard; sourceTree = "<group>"; };
		9846CA7D1EE7C7DA006983EC /* Assets.xcassets */ = {isa = PBXFileReference; lastKnownFileType = folder.assetcatalog; path = Assets.xcassets; sourceTree = "<group>"; };
		9846CA801EE7C7DB006983EC /* Base */ = {isa = PBXFileReference; lastKnownFileType = file.storyboard; name = Base; path = Base.lproj/LaunchScreen.storyboard; sourceTree = "<group>"; };
		9846CA821EE7C7DC006983EC /* Info.plist */ = {isa = PBXFileReference; lastKnownFileType = text.plist.xml; path = Info.plist; sourceTree = "<group>"; };
		9846CA891EE7CA89006983EC /* AVFoundation.framework */ = {isa = PBXFileReference; lastKnownFileType = wrapper.framework; name = AVFoundation.framework; path = System/Library/Frameworks/AVFoundation.framework; sourceTree = SDKROOT; };
		9846CA8D1EE81B0C006983EC /* AudioXViewController.swift */ = {isa = PBXFileReference; fileEncoding = 4; lastKnownFileType = sourcecode.swift; path = AudioXViewController.swift; sourceTree = "<group>"; };
		9846CA901EE83D79006983EC /* bckgnd.mp4 */ = {isa = PBXFileReference; lastKnownFileType = file; path = bckgnd.mp4; sourceTree = "<group>"; };
/* End PBXFileReference section */

/* Begin PBXFrameworksBuildPhase section */
		9846CA701EE7C7D6006983EC /* Frameworks */ = {
			isa = PBXFrameworksBuildPhase;
			buildActionMask = 2147483647;
			files = (
				9846CA8A1EE7CA89006983EC /* AVFoundation.framework in Frameworks */,
			);
			runOnlyForDeploymentPostprocessing = 0;
		};
/* End PBXFrameworksBuildPhase section */

/* Begin PBXGroup section */
		9846CA6A1EE7C7D3006983EC = {
			isa = PBXGroup;
			children = (
				9846CA751EE7C7D6006983EC /* audiox */,
				9846CA741EE7C7D6006983EC /* Products */,
				9846CA881EE7CA88006983EC /* Frameworks */,
			);
			sourceTree = "<group>";
		};
		9846CA741EE7C7D6006983EC /* Products */ = {
			isa = PBXGroup;
			children = (
				9846CA731EE7C7D6006983EC /* audiox.app */,
			);
			name = Products;
			sourceTree = "<group>";
		};
		9846CA751EE7C7D6006983EC /* audiox */ = {
			isa = PBXGroup;
			children = (
				9846CA761EE7C7D7006983EC /* AppDelegate.swift */,
				9846CA781EE7C7D7006983EC /* ViewController.swift */,
				9846CA8D1EE81B0C006983EC /* AudioXViewController.swift */,
				9846CA7A1EE7C7D8006983EC /* Main.storyboard */,
				9846CA7D1EE7C7DA006983EC /* Assets.xcassets */,
				9846CA901EE83D79006983EC /* bckgnd.mp4 */,
				9846CA7F1EE7C7DB006983EC /* LaunchScreen.storyboard */,
				9846CA821EE7C7DC006983EC /* Info.plist */,
			);
			path = audiox;
			sourceTree = "<group>";
		};
		9846CA881EE7CA88006983EC /* Frameworks */ = {
			isa = PBXGroup;
			children = (
				9846CA891EE7CA89006983EC /* AVFoundation.framework */,
			);
			name = Frameworks;
			sourceTree = "<group>";
		};
/* End PBXGroup section */

/* Begin PBXNativeTarget section */
		9846CA721EE7C7D6006983EC /* audiox */ = {
			isa = PBXNativeTarget;
			buildConfigurationList = 9846CA851EE7C7DC006983EC /* Build configuration list for PBXNativeTarget "audiox" */;
			buildPhases = (
				9846CA6F1EE7C7D6006983EC /* Sources */,
				9846CA701EE7C7D6006983EC /* Frameworks */,
				9846CA711EE7C7D6006983EC /* Resources */,
			);
			buildRules = (
			);
			dependencies = (
			);
			name = audiox;
			productName = audiox;
			productReference = 9846CA731EE7C7D6006983EC /* audiox.app */;
			productType = "com.apple.product-type.application";
		};
/* End PBXNativeTarget section */

/* Begin PBXProject section */
		9846CA6B1EE7C7D4006983EC /* Project object */ = {
			isa = PBXProject;
			attributes = {
				LastSwiftUpdateCheck = 0830;
				LastUpgradeCheck = 0830;
				ORGANIZATIONNAME = vignesh;
				TargetAttributes = {
					9846CA721EE7C7D6006983EC = {
						CreatedOnToolsVersion = 8.3.2;
						DevelopmentTeam = 86AUKQE398;
						ProvisioningStyle = Automatic;
					};
				};
			};
			buildConfigurationList = 9846CA6E1EE7C7D5006983EC /* Build configuration list for PBXProject "audiox" */;
			compatibilityVersion = "Xcode 3.2";
			developmentRegion = English;
			hasScannedForEncodings = 0;
			knownRegions = (
				en,
				Base,
			);
			mainGroup = 9846CA6A1EE7C7D3006983EC;
			productRefGroup = 9846CA741EE7C7D6006983EC /* Products */;
			projectDirPath = "";
			projectRoot = "";
			targets = (
				9846CA721EE7C7D6006983EC /* audiox */,
			);
		};
/* End PBXProject section */

/* Begin PBXResourcesBuildPhase section */
		9846CA711EE7C7D6006983EC /* Resources */ = {
			isa = PBXResourcesBuildPhase;
			buildActionMask = 2147483647;
			files = (
				9846CA811EE7C7DB006983EC /* LaunchScreen.storyboard in Resources */,
				9846CA7E1EE7C7DA006983EC /* Assets.xcassets in Resources */,
				9846CA7C1EE7C7D8006983EC /* Main.storyboard in Resources */,
			);
			runOnlyForDeploymentPostprocessing = 0;
		};
/* End PBXResourcesBuildPhase section */

/* Begin PBXSourcesBuildPhase section */
		9846CA6F1EE7C7D6006983EC /* Sources */ = {
			isa = PBXSourcesBuildPhase;
			buildActionMask = 2147483647;
			files = (
				9846CA791EE7C7D7006983EC /* ViewController.swift in Sources */,
				9846CA8E1EE81B0D006983EC /* AudioXViewController.swift in Sources */,
				9846CA771EE7C7D7006983EC /* AppDelegate.swift in Sources */,
			);
			runOnlyForDeploymentPostprocessing = 0;
		};
/* End PBXSourcesBuildPhase section */

/* Begin PBXVariantGroup section */
		9846CA7A1EE7C7D8006983EC /* Main.storyboard */ = {
			isa = PBXVariantGroup;
			children = (
				9846CA7B1EE7C7D8006983EC /* Base */,
			);
			name = Main.storyboard;
			sourceTree = "<group>";
		};
		9846CA7F1EE7C7DB006983EC /* LaunchScreen.storyboard */ = {
			isa = PBXVariantGroup;
			children = (
				9846CA801EE7C7DB006983EC /* Base */,
			);
			name = LaunchScreen.storyboard;
			sourceTree = "<group>";
		};
/* End PBXVariantGroup section */

/* Begin XCBuildConfiguration section */
		9846CA831EE7C7DC006983EC /* Debug */ = {
			isa = XCBuildConfiguration;
			buildSettings = {
				ALWAYS_SEARCH_USER_PATHS = NO;
				CLANG_ANALYZER_NONNULL = YES;
				CLANG_ANALYZER_NUMBER_OBJECT_CONVERSION = YES_AGGRESSIVE;
				CLANG_CXX_LANGUAGE_STANDARD = "gnu++0x";
				CLANG_CXX_LIBRARY = "libc++";
				CLANG_ENABLE_MODULES = YES;
				CLANG_ENABLE_OBJC_ARC = YES;
				CLANG_WARN_BOOL_CONVERSION = YES;
				CLANG_WARN_CONSTANT_CONVERSION = YES;
				CLANG_WARN_DIRECT_OBJC_ISA_USAGE = YES_ERROR;
				CLANG_WARN_DOCUMENTATION_COMMENTS = YES;
				CLANG_WARN_EMPTY_BODY = YES;
				CLANG_WARN_ENUM_CONVERSION = YES;
				CLANG_WARN_INFINITE_RECURSION = YES;
				CLANG_WARN_INT_CONVERSION = YES;
				CLANG_WARN_OBJC_ROOT_CLASS = YES_ERROR;
				CLANG_WARN_SUSPICIOUS_MOVE = YES;
				CLANG_WARN_UNREACHABLE_CODE = YES;
				CLANG_WARN__DUPLICATE_METHOD_MATCH = YES;
				"CODE_SIGN_IDENTITY[sdk=iphoneos*]" = "iPhone Developer";
				COPY_PHASE_STRIP = NO;
				DEBUG_INFORMATION_FORMAT = dwarf;
				ENABLE_STRICT_OBJC_MSGSEND = YES;
				ENABLE_TESTABILITY = YES;
				GCC_C_LANGUAGE_STANDARD = gnu99;
				GCC_DYNAMIC_NO_PIC = NO;
				GCC_NO_COMMON_BLOCKS = YES;
				GCC_OPTIMIZATION_LEVEL = 0;
				GCC_PREPROCESSOR_DEFINITIONS = (
					"DEBUG=1",
					"$(inherited)",
				);
				GCC_WARN_64_TO_32_BIT_CONVERSION = YES;
				GCC_WARN_ABOUT_RETURN_TYPE = YES_ERROR;
				GCC_WARN_UNDECLARED_SELECTOR = YES;
				GCC_WARN_UNINITIALIZED_AUTOS = YES_AGGRESSIVE;
				GCC_WARN_UNUSED_FUNCTION = YES;
				GCC_WARN_UNUSED_VARIABLE = YES;
				IPHONEOS_DEPLOYMENT_TARGET = 10.3;
				MTL_ENABLE_DEBUG_INFO = YES;
				ONLY_ACTIVE_ARCH = YES;
				SDKROOT = iphoneos;
				SWIFT_ACTIVE_COMPILATION_CONDITIONS = DEBUG;
				SWIFT_OPTIMIZATION_LEVEL = "-Onone";
				TARGETED_DEVICE_FAMILY = "1,2";
			};
			name = Debug;
		};
		9846CA841EE7C7DC006983EC /* Release */ = {
			isa = XCBuildConfiguration;
			buildSettings = {
				ALWAYS_SEARCH_USER_PATHS = NO;
				CLANG_ANALYZER_NONNULL = YES;
				CLANG_ANALYZER_NUMBER_OBJECT_CONVERSION = YES_AGGRESSIVE;
				CLANG_CXX_LANGUAGE_STANDARD = "gnu++0x";
				CLANG_CXX_LIBRARY = "libc++";
				CLANG_ENABLE_MODULES = YES;
				CLANG_ENABLE_OBJC_ARC = YES;
				CLANG_WARN_BOOL_CONVERSION = YES;
				CLANG_WARN_CONSTANT_CONVERSION = YES;
				CLANG_WARN_DIRECT_OBJC_ISA_USAGE = YES_ERROR;
				CLANG_WARN_DOCUMENTATION_COMMENTS = YES;
				CLANG_WARN_EMPTY_BODY = YES;
				CLANG_WARN_ENUM_CONVERSION = YES;
				CLANG_WARN_INFINITE_RECURSION = YES;
				CLANG_WARN_INT_CONVERSION = YES;
				CLANG_WARN_OBJC_ROOT_CLASS = YES_ERROR;
				CLANG_WARN_SUSPICIOUS_MOVE = YES;
				CLANG_WARN_UNREACHABLE_CODE = YES;
				CLANG_WARN__DUPLICATE_METHOD_MATCH = YES;
				"CODE_SIGN_IDENTITY[sdk=iphoneos*]" = "iPhone Developer";
				COPY_PHASE_STRIP = NO;
				DEBUG_INFORMATION_FORMAT = "dwarf-with-dsym";
				ENABLE_NS_ASSERTIONS = NO;
				ENABLE_STRICT_OBJC_MSGSEND = YES;
				GCC_C_LANGUAGE_STANDARD = gnu99;
				GCC_NO_COMMON_BLOCKS = YES;
				GCC_WARN_64_TO_32_BIT_CONVERSION = YES;
				GCC_WARN_ABOUT_RETURN_TYPE = YES_ERROR;
				GCC_WARN_UNDECLARED_SELECTOR = YES;
				GCC_WARN_UNINITIALIZED_AUTOS = YES_AGGRESSIVE;
				GCC_WARN_UNUSED_FUNCTION = YES;
				GCC_WARN_UNUSED_VARIABLE = YES;
				IPHONEOS_DEPLOYMENT_TARGET = 10.3;
				MTL_ENABLE_DEBUG_INFO = NO;
				SDKROOT = iphoneos;
				SWIFT_OPTIMIZATION_LEVEL = "-Owholemodule";
				TARGETED_DEVICE_FAMILY = "1,2";
				VALIDATE_PRODUCT = YES;
			};
			name = Release;
		};
		9846CA861EE7C7DC006983EC /* Debug */ = {
			isa = XCBuildConfiguration;
			buildSettings = {
				ASSETCATALOG_COMPILER_APPICON_NAME = AppIcon;
				DEVELOPMENT_TEAM = 86AUKQE398;
				INFOPLIST_FILE = audiox/Info.plist;
				LD_RUNPATH_SEARCH_PATHS = "$(inherited) @executable_path/Frameworks";
				PRODUCT_BUNDLE_IDENTIFIER = vicky.audiox;
				PRODUCT_NAME = "$(TARGET_NAME)";
				SWIFT_VERSION = 3.0;
			};
			name = Debug;
		};
		9846CA871EE7C7DC006983EC /* Release */ = {
			isa = XCBuildConfiguration;
			buildSettings = {
				ASSETCATALOG_COMPILER_APPICON_NAME = AppIcon;
				DEVELOPMENT_TEAM = 86AUKQE398;
				INFOPLIST_FILE = audiox/Info.plist;
				LD_RUNPATH_SEARCH_PATHS = "$(inherited) @executable_path/Frameworks";
				PRODUCT_BUNDLE_IDENTIFIER = vicky.audiox;
				PRODUCT_NAME = "$(TARGET_NAME)";
				SWIFT_VERSION = 3.0;
			};
			name = Release;
		};
/* End XCBuildConfiguration section */

/* Begin XCConfigurationList section */
		9846CA6E1EE7C7D5006983EC /* Build configuration list for PBXProject "audiox" */ = {
			isa = XCConfigurationList;
			buildConfigurations = (
				9846CA831EE7C7DC006983EC /* Debug */,
				9846CA841EE7C7DC006983EC /* Release */,
			);
			defaultConfigurationIsVisible = 0;
			defaultConfigurationName = Release;
		};
		9846CA851EE7C7DC006983EC /* Build configuration list for PBXNativeTarget "audiox" */ = {
			isa = XCConfigurationList;
			buildConfigurations = (
				9846CA861EE7C7DC006983EC /* Debug */,
				9846CA871EE7C7DC006983EC /* Release */,
			);
			defaultConfigurationIsVisible = 0;
		};
/* End XCConfigurationList section */
	};
	rootObject = 9846CA6B1EE7C7D4006983EC /* Project object */;
}
